
Microsoft Visual Studio Solution File, Format Version 12.00
# Visual Studio 15
Project("{FAE04EC0-301F-11D3-BF4B-00C04F79EFBC}") = "PolyAbstract", "PolyAbstract\PolyAbstract.csproj", "{573C0594-A740-423B-8131-F81406261FF6}"
EndProject
Global
	GlobalSection(SolutionConfigurationPlatforms) = preSolution
		Debug|x86 = Debug|x86
		Release|x86 = Release|x86
	EndGlobalSection
	GlobalSection(ProjectConfigurationPlatforms) = postSolution
		{573C0594-A740-423B-8131-F81406261FF6}.Debug|x86.ActiveCfg = Debug|x86
		{573C0594-A740-423B-8131-F81406261FF6}.Debug|x86.Build.0 = Debug|x86
		{573C0594-A740-423B-8131-F81406261FF6}.Release|x86.ActiveCfg = Release|x86
		{573C0594-A740-423B-8131-F81406261FF6}.Release|x86.Build.0 = Release|x86
	EndGlobalSection
EndGlobal
