
Microsoft Visual Studio Solution File, Format Version 12.00
# Visual Studio 15
Project("{FAE04EC0-301F-11D3-BF4B-00C04F79EFBC}") = "Methods", "Methods\Methods.csproj", "{F835ECFC-E1AE-4698-A1DB-0A10BFED3B4A}"
EndProject
Global
	GlobalSection(SolutionConfigurationPlatforms) = preSolution
		Debug|x86 = Debug|x86
		Release|x86 = Release|x86
	EndGlobalSection
	GlobalSection(ProjectConfigurationPlatforms) = postSolution
		{F835ECFC-E1AE-4698-A1DB-0A10BFED3B4A}.Debug|x86.ActiveCfg = Debug|x86
		{F835ECFC-E1AE-4698-A1DB-0A10BFED3B4A}.Debug|x86.Build.0 = Debug|x86
		{F835ECFC-E1AE-4698-A1DB-0A10BFED3B4A}.Release|x86.ActiveCfg = Release|x86
		{F835ECFC-E1AE-4698-A1DB-0A10BFED3B4A}.Release|x86.Build.0 = Release|x86
	EndGlobalSection
EndGlobal
