
Microsoft Visual Studio Solution File, Format Version 12.00
# Visual Studio 15
Project("{FAE04EC0-301F-11D3-BF4B-00C04F79EFBC}") = "ThreadTest", "ThreadTest\ThreadTest.csproj", "{86239002-5AEF-44C6-9174-B20DA79FB1F8}"
EndProject
Global
	GlobalSection(SolutionConfigurationPlatforms) = preSolution
		Debug|x86 = Debug|x86
		Release|x86 = Release|x86
	EndGlobalSection
	GlobalSection(ProjectConfigurationPlatforms) = postSolution
		{86239002-5AEF-44C6-9174-B20DA79FB1F8}.Debug|x86.ActiveCfg = Debug|x86
		{86239002-5AEF-44C6-9174-B20DA79FB1F8}.Debug|x86.Build.0 = Debug|x86
		{86239002-5AEF-44C6-9174-B20DA79FB1F8}.Release|x86.ActiveCfg = Release|x86
		{86239002-5AEF-44C6-9174-B20DA79FB1F8}.Release|x86.Build.0 = Release|x86
	EndGlobalSection
EndGlobal
