
Microsoft Visual Studio Solution File, Format Version 12.00
# Visual Studio 15
Project("{FAE04EC0-301F-11D3-BF4B-00C04F79EFBC}") = "InterfaceStatics", "InterfaceStatics\InterfaceStatics.csproj", "{09258218-AC66-4F91-BDA6-7E6CE66D8872}"
EndProject
Global
	GlobalSection(SolutionConfigurationPlatforms) = preSolution
		Debug|x86 = Debug|x86
		Release|x86 = Release|x86
	EndGlobalSection
	GlobalSection(ProjectConfigurationPlatforms) = postSolution
		{09258218-AC66-4F91-BDA6-7E6CE66D8872}.Debug|x86.ActiveCfg = Debug|x86
		{09258218-AC66-4F91-BDA6-7E6CE66D8872}.Debug|x86.Build.0 = Debug|x86
		{09258218-AC66-4F91-BDA6-7E6CE66D8872}.Release|x86.ActiveCfg = Release|x86
		{09258218-AC66-4F91-BDA6-7E6CE66D8872}.Release|x86.Build.0 = Release|x86
	EndGlobalSection
EndGlobal
