
Microsoft Visual Studio Solution File, Format Version 12.00
# Visual Studio 15
Project("{FAE04EC0-301F-11D3-BF4B-00C04F79EFBC}") = "ConstructorsProperties", "ConstructorsProperties\ConstructorsProperties.csproj", "{4C5BD76B-86F4-43CA-8572-1148E66D92FA}"
EndProject
Global
	GlobalSection(SolutionConfigurationPlatforms) = preSolution
		Debug|x86 = Debug|x86
		Release|x86 = Release|x86
	EndGlobalSection
	GlobalSection(ProjectConfigurationPlatforms) = postSolution
		{4C5BD76B-86F4-43CA-8572-1148E66D92FA}.Debug|x86.ActiveCfg = Debug|x86
		{4C5BD76B-86F4-43CA-8572-1148E66D92FA}.Debug|x86.Build.0 = Debug|x86
		{4C5BD76B-86F4-43CA-8572-1148E66D92FA}.Release|x86.ActiveCfg = Release|x86
		{4C5BD76B-86F4-43CA-8572-1148E66D92FA}.Release|x86.Build.0 = Release|x86
	EndGlobalSection
EndGlobal
