
Microsoft Visual Studio Solution File, Format Version 12.00
# Visual Studio 15
Project("{FAE04EC0-301F-11D3-BF4B-00C04F79EFBC}") = "BanasTut1", "BanasTut1\BanasTut1.csproj", "{B36DFDDF-937F-418E-98A5-142B37E705CB}"
EndProject
Global
	GlobalSection(SolutionConfigurationPlatforms) = preSolution
		Debug|x86 = Debug|x86
		Release|x86 = Release|x86
	EndGlobalSection
	GlobalSection(ProjectConfigurationPlatforms) = postSolution
		{B36DFDDF-937F-418E-98A5-142B37E705CB}.Debug|x86.ActiveCfg = Debug|x86
		{B36DFDDF-937F-418E-98A5-142B37E705CB}.Debug|x86.Build.0 = Debug|x86
		{B36DFDDF-937F-418E-98A5-142B37E705CB}.Release|x86.ActiveCfg = Release|x86
		{B36DFDDF-937F-418E-98A5-142B37E705CB}.Release|x86.Build.0 = Release|x86
	EndGlobalSection
EndGlobal
